
Microsoft Visual Studio Solution File, Format Version 12.00
# Visual Studio Version 16
VisualStudioVersion = 16.0.30907.101
MinimumVisualStudioVersion = 10.0.40219.1
Project("{FAE04EC0-301F-11D3-BF4B-00C04F79EFBC}") = "CSharp_Oyun", "CSharp_Oyun.csproj", "{8234B3B2-7276-4C8D-89C2-4335D15687F9}"
EndProject
Global
	GlobalSection(SolutionConfigurationPlatforms) = preSolution
		Debug|Any CPU = Debug|Any CPU
		Release|Any CPU = Release|Any CPU
	EndGlobalSection
	GlobalSection(ProjectConfigurationPlatforms) = postSolution
		{8234B3B2-7276-4C8D-89C2-4335D15687F9}.Debug|Any CPU.ActiveCfg = Debug|Any CPU
		{8234B3B2-7276-4C8D-89C2-4335D15687F9}.Debug|Any CPU.Build.0 = Debug|Any CPU
		{8234B3B2-7276-4C8D-89C2-4335D15687F9}.Release|Any CPU.ActiveCfg = Release|Any CPU
		{8234B3B2-7276-4C8D-89C2-4335D15687F9}.Release|Any CPU.Build.0 = Release|Any CPU
	EndGlobalSection
	GlobalSection(SolutionProperties) = preSolution
		HideSolutionNode = FALSE
	EndGlobalSection
	GlobalSection(ExtensibilityGlobals) = postSolution
		SolutionGuid = {77610AA6-77EC-409D-A534-B820133762BB}
	EndGlobalSection
EndGlobal
